
Microsoft Visual Studio Solution File, Format Version 9.00
# Visual Studio 2005
Project("{8BC9CEB8-8B4A-11D0-8D11-00A0C91BC942}") = "EPEHelper", "EPEHelper\EPEHelper.vcproj", "{6EE9BEA5-4223-4AD6-8869-F4A09628F60C}"
EndProject
Global
	GlobalSection(SolutionConfigurationPlatforms) = preSolution
		Debug|Win32 = Debug|Win32
		Release|Win32 = Release|Win32
	EndGlobalSection
	GlobalSection(ProjectConfigurationPlatforms) = postSolution
		{6EE9BEA5-4223-4AD6-8869-F4A09628F60C}.Debug|Win32.ActiveCfg = Debug|Win32
		{6EE9BEA5-4223-4AD6-8869-F4A09628F60C}.Debug|Win32.Build.0 = Debug|Win32
		{6EE9BEA5-4223-4AD6-8869-F4A09628F60C}.Release|Win32.ActiveCfg = Release|Win32
		{6EE9BEA5-4223-4AD6-8869-F4A09628F60C}.Release|Win32.Build.0 = Release|Win32
	EndGlobalSection
	GlobalSection(SolutionProperties) = preSolution
		HideSolutionNode = FALSE
	EndGlobalSection
EndGlobal
