Microsoft Visual Studio Solution File, Format Version 8.00
Project("{FAE04EC0-301F-11D3-BF4B-00C04F79EFBC}") = "WindowsApplication1", "WindowsApplication1.csproj", "{56AE1613-3720-4D62-80C0-6F2CC547AC2E}"
	ProjectSection(ProjectDependencies) = postProject
	EndProjectSection
EndProject
Global
	GlobalSection(SolutionConfiguration) = preSolution
		Debug = Debug
		Release = Release
	EndGlobalSection
	GlobalSection(ProjectConfiguration) = postSolution
		{56AE1613-3720-4D62-80C0-6F2CC547AC2E}.Debug.ActiveCfg = Debug|.NET
		{56AE1613-3720-4D62-80C0-6F2CC547AC2E}.Debug.Build.0 = Debug|.NET
		{56AE1613-3720-4D62-80C0-6F2CC547AC2E}.Release.ActiveCfg = Release|.NET
		{56AE1613-3720-4D62-80C0-6F2CC547AC2E}.Release.Build.0 = Release|.NET
	EndGlobalSection
	GlobalSection(ExtensibilityGlobals) = postSolution
	EndGlobalSection
	GlobalSection(ExtensibilityAddIns) = postSolution
	EndGlobalSection
EndGlobal
